%{"cauldron": {:hex, :cauldron, "0.1.5"},
  "conform": {:hex, :conform, "0.13.0"},
  "cowboy": {:hex, :cowboy, "1.0.0"},
  "cowlib": {:hex, :cowlib, "1.0.1"},
  "exrm": {:hex, :exrm, "0.15.1"},
  "exts": {:hex, :exts, "0.2.2"},
  "httprot": {:hex, :httprot, "0.1.5"},
  "ranch": {:hex, :ranch, "1.0.0"},
  "reagent": {:hex, :reagent, "0.1.5"},
  "socket": {:hex, :socket, "0.2.8"}}
